
Microsoft Visual Studio Solution File, Format Version 12.00
# Visual Studio Version 17
VisualStudioVersion = 17.4.33213.308
MinimumVisualStudioVersion = 10.0.40219.1
Project("{F184B08F-C81C-45F6-A57F-5ABD9991F28F}") = "Prizebond", "Prizebond\Prizebond.vbproj", "{7986350B-1088-44CC-B178-D96059FD2E7B}"
EndProject
Global
	GlobalSection(SolutionConfigurationPlatforms) = preSolution
		Debug|Any CPU = Debug|Any CPU
		Release|Any CPU = Release|Any CPU
	EndGlobalSection
	GlobalSection(ProjectConfigurationPlatforms) = postSolution
		{7986350B-1088-44CC-B178-D96059FD2E7B}.Debug|Any CPU.ActiveCfg = Debug|Any CPU
		{7986350B-1088-44CC-B178-D96059FD2E7B}.Debug|Any CPU.Build.0 = Debug|Any CPU
		{7986350B-1088-44CC-B178-D96059FD2E7B}.Release|Any CPU.ActiveCfg = Release|Any CPU
		{7986350B-1088-44CC-B178-D96059FD2E7B}.Release|Any CPU.Build.0 = Release|Any CPU
	EndGlobalSection
	GlobalSection(SolutionProperties) = preSolution
		HideSolutionNode = FALSE
	EndGlobalSection
	GlobalSection(ExtensibilityGlobals) = postSolution
		SolutionGuid = {44265FCC-C799-4519-B570-E090DF7AC508}
	EndGlobalSection
EndGlobal
